
Microsoft Visual Studio Solution File, Format Version 12.00
# Visual Studio Version 17
VisualStudioVersion = 17.9.34723.18
MinimumVisualStudioVersion = 10.0.40219.1
Project("{FAE04EC0-301F-11D3-BF4B-00C04F79EFBC}") = "The Challenge - Building wc", "The Challenge - Building wc\The Challenge - Building wc.csproj", "{7587913C-EE8A-414F-9F69-0AE5A1E121C7}"
EndProject
Global
	GlobalSection(SolutionConfigurationPlatforms) = preSolution
		Debug|Any CPU = Debug|Any CPU
		Release|Any CPU = Release|Any CPU
	EndGlobalSection
	GlobalSection(ProjectConfigurationPlatforms) = postSolution
		{7587913C-EE8A-414F-9F69-0AE5A1E121C7}.Debug|Any CPU.ActiveCfg = Debug|Any CPU
		{7587913C-EE8A-414F-9F69-0AE5A1E121C7}.Debug|Any CPU.Build.0 = Debug|Any CPU
		{7587913C-EE8A-414F-9F69-0AE5A1E121C7}.Release|Any CPU.ActiveCfg = Release|Any CPU
		{7587913C-EE8A-414F-9F69-0AE5A1E121C7}.Release|Any CPU.Build.0 = Release|Any CPU
	EndGlobalSection
	GlobalSection(SolutionProperties) = preSolution
		HideSolutionNode = FALSE
	EndGlobalSection
	GlobalSection(ExtensibilityGlobals) = postSolution
		SolutionGuid = {642123A7-C46B-42C3-9114-43A8FC8225EA}
	EndGlobalSection
EndGlobal
